<?xml version="1.0" encoding="utf-8"?>
<Project ToolsVersion="4.0" xmlns="http://schemas.microsoft.com/developer/msbuild/2003">
  <ItemGroup>
    <Filter Include="Source Files">
      <UniqueIdentifier>{4FC737F1-C7A5-4376-A066-2A32D752A2FF}</UniqueIdentifier>
      <Extensions>cpp;c;cc;cxx;def;odl;idl;hpj;bat;asm;asmx</Extensions>
    </Filter>
    <Filter Include="Header Files">
      <UniqueIdentifier>{93995380-89BD-4b04-88EB-625FBE52EBFB}</UniqueIdentifier>
      <Extensions>h;hh;hpp;hxx;hm;inl;inc;ipp;xsd</Extensions>
    </Filter>
    <Filter Include="Resource Files">
      <UniqueIdentifier>{67DA6AB6-F800-4c08-8B7A-83BB121AAD01}</UniqueIdentifier>
      <Extensions>rc;ico;cur;bmp;dlg;rc2;rct;bin;rgs;gif;jpg;jpeg;jpe;resx;tiff;tif;png;wav;mfcribbon-ms</Extensions>
    </Filter>
  </ItemGroup>
  <ItemGroup>
    <ClCompile Include="main.cpp">
      <Filter>Source Files</Filter>
    </ClCompile>
    <ClCompile Include="solutions\bag1\grace.cpp">
      <Filter>Source Files</Filter>
    </ClCompile>
    <ClCompile Include="solutions\traverse.cpp">
      <Filter>Source Files</Filter>
    </ClCompile>
    <ClCompile Include="solutions\bag1\flat.cpp">
      <Filter>Source Files</Filter>
    </ClCompile>
    <ClCompile Include="solutions\bag1\pco.cpp">
      <Filter>Source Files</Filter>
    </ClCompile>
    <ClCompile Include="solutions\solutions.cpp">
      <Filter>Source Files</Filter>
    </ClCompile>
    <ClCompile Include="solutions\bag2\pc1.cpp">
      <Filter>Source Files</Filter>
    </ClCompile>
    <ClCompile Include="solutions\bag2\bag2.cpp">
      <Filter>Source Files</Filter>
    </ClCompile>
    <ClCompile Include="solutions\bag2\pc1_i.cpp">
      <Filter>Source Files</Filter>
    </ClCompile>
    <ClCompile Include="solutions\bag2\pc1_zs.cpp">
      <Filter>Source Files</Filter>
    </ClCompile>
    <ClCompile Include="solutions\bag3\bag3.cpp">
      <Filter>Source Files</Filter>
    </ClCompile>
    <ClCompile Include="solutions\bag3\pc2_sj.cpp">
      <Filter>Source Files</Filter>
    </ClCompile>
    <ClCompile Include="solutions\bag3\pc2_sl.cpp">
      <Filter>Source Files</Filter>
    </ClCompile>
    <ClCompile Include="solutions\bag3\pc2_fj.cpp">
      <Filter>Source Files</Filter>
    </ClCompile>
    <ClCompile Include="solutions\bag3\pc2_fl.cpp">
      <Filter>Source Files</Filter>
    </ClCompile>
    <ClCompile Include="solutions\bag4\double.cpp">
      <Filter>Source Files</Filter>
    </ClCompile>
    <ClCompile Include="solutions\bag5\pc3.cpp">
      <Filter>Source Files</Filter>
    </ClCompile>
    <ClCompile Include="solutions\bag5\pc3_i.cpp">
      <Filter>Source Files</Filter>
    </ClCompile>
    <ClCompile Include="solutions\bag6\pc4.cpp">
      <Filter>Source Files</Filter>
    </ClCompile>
    <ClCompile Include="solutions\bag6\pc4_i.cpp">
      <Filter>Source Files</Filter>
    </ClCompile>
    <ClCompile Include="solutions\bag7\regrace.cpp">
      <Filter>Source Files</Filter>
    </ClCompile>
    <ClCompile Include="solutions\bag6\bag6.cpp">
      <Filter>Source Files</Filter>
    </ClCompile>
    <ClCompile Include="solutions\bag8\pc5.cpp">
      <Filter>Source Files</Filter>
    </ClCompile>
    <ClCompile Include="solutions\bag8\pc5_o.cpp">
      <Filter>Source Files</Filter>
    </ClCompile>
    <ClCompile Include="solutions\bag9\bag9.cpp">
      <Filter>Source Files</Filter>
    </ClCompile>
    <ClCompile Include="solutions\bag9\pc6.cpp">
      <Filter>Source Files</Filter>
    </ClCompile>
    <ClCompile Include="solutions\bag9\pc6_block.cpp">
      <Filter>Source Files</Filter>
    </ClCompile>
    <ClCompile Include="solutions\bag9\pc6_snake.cpp">
      <Filter>Source Files</Filter>
    </ClCompile>
  </ItemGroup>
  <ItemGroup>
    <ClInclude Include="typedef.h">
      <Filter>Header Files</Filter>
    </ClInclude>
    <ClInclude Include="main.h">
      <Filter>Header Files</Filter>
    </ClInclude>
    <ClInclude Include="solutions\solutions.h">
      <Filter>Header Files</Filter>
    </ClInclude>
    <ClInclude Include="solutions\bag1\grace.h">
      <Filter>Header Files</Filter>
    </ClInclude>
    <ClInclude Include="solutions\bag1\bag1.h">
      <Filter>Header Files</Filter>
    </ClInclude>
    <ClInclude Include="solutions\traverse.h">
      <Filter>Header Files</Filter>
    </ClInclude>
    <ClInclude Include="solutions\bag1\flat.h">
      <Filter>Header Files</Filter>
    </ClInclude>
    <ClInclude Include="solutions\bag1\pco.h">
      <Filter>Header Files</Filter>
    </ClInclude>
    <ClInclude Include="solutions\bag2\bag2.h">
      <Filter>Header Files</Filter>
    </ClInclude>
    <ClInclude Include="solutions\bag2\pc1.h">
      <Filter>Header Files</Filter>
    </ClInclude>
    <ClInclude Include="solutions\bag2\pc1_i.h">
      <Filter>Header Files</Filter>
    </ClInclude>
    <ClInclude Include="solutions\bag2\pc1_zs.h">
      <Filter>Header Files</Filter>
    </ClInclude>
    <ClInclude Include="solutions\bag3\bag3.h">
      <Filter>Header Files</Filter>
    </ClInclude>
    <ClInclude Include="solutions\bag3\pc2_sj.h">
      <Filter>Header Files</Filter>
    </ClInclude>
    <ClInclude Include="solutions\bag3\pc2_sl.h">
      <Filter>Header Files</Filter>
    </ClInclude>
    <ClInclude Include="solutions\bag3\pc2_fj.h">
      <Filter>Header Files</Filter>
    </ClInclude>
    <ClInclude Include="solutions\bag3\pc2_fl.h">
      <Filter>Header Files</Filter>
    </ClInclude>
    <ClInclude Include="solutions\bag4\double.h">
      <Filter>Header Files</Filter>
    </ClInclude>
    <ClInclude Include="solutions\bag4\bag4.h">
      <Filter>Header Files</Filter>
    </ClInclude>
    <ClInclude Include="solutions\bag5\bag5.h">
      <Filter>Header Files</Filter>
    </ClInclude>
    <ClInclude Include="solutions\bag5\pc3.h">
      <Filter>Header Files</Filter>
    </ClInclude>
    <ClInclude Include="solutions\bag5\pc3_i.h">
      <Filter>Header Files</Filter>
    </ClInclude>
    <ClInclude Include="solutions\bag6\bag6.h">
      <Filter>Header Files</Filter>
    </ClInclude>
    <ClInclude Include="solutions\bag6\pc4_i.h">
      <Filter>Header Files</Filter>
    </ClInclude>
    <ClInclude Include="solutions\bag6\pc4.h">
      <Filter>Header Files</Filter>
    </ClInclude>
    <ClInclude Include="solutions\bag7\bag7.h">
      <Filter>Header Files</Filter>
    </ClInclude>
    <ClInclude Include="solutions\bag7\regrace.h">
      <Filter>Header Files</Filter>
    </ClInclude>
    <ClInclude Include="solutions\bag8\bag8.h">
      <Filter>Header Files</Filter>
    </ClInclude>
    <ClInclude Include="solutions\bag8\pc5.h">
      <Filter>Header Files</Filter>
    </ClInclude>
    <ClInclude Include="solutions\bag8\pc5_o.h">
      <Filter>Header Files</Filter>
    </ClInclude>
    <ClInclude Include="solutions\bag9\bag9.h">
      <Filter>Header Files</Filter>
    </ClInclude>
    <ClInclude Include="solutions\bag9\pc6.h">
      <Filter>Header Files</Filter>
    </ClInclude>
    <ClInclude Include="solutions\bag9\pc6_block.h">
      <Filter>Header Files</Filter>
    </ClInclude>
    <ClInclude Include="solutions\bag9\pc6_snake.h">
      <Filter>Header Files</Filter>
    </ClInclude>
  </ItemGroup>
</Project>